// !$*UTF8*$!
{
	archiveVersion = 1;
	classes = {
	};
	objectVersion = 50;
	objects = {

/* Begin PBXBuildFile section */
		85AEA4F92383649B0041281B /* AppDelegate.swift in Sources */ = {isa = PBXBuildFile; fileRef = 85AEA4F82383649B0041281B /* AppDelegate.swift */; };
		85AEA4FB2383649B0041281B /* ViewController.swift in Sources */ = {isa = PBXBuildFile; fileRef = 85AEA4FA2383649B0041281B /* ViewController.swift */; };
		85AEA4FE2383649B0041281B /* Main.storyboard in Resources */ = {isa = PBXBuildFile; fileRef = 85AEA4FC2383649B0041281B /* Main.storyboard */; };
		85AEA5002383649D0041281B /* Assets.xcassets in Resources */ = {isa = PBXBuildFile; fileRef = 85AEA4FF2383649D0041281B /* Assets.xcassets */; };
		85AEA5032383649D0041281B /* LaunchScreen.storyboard in Resources */ = {isa = PBXBuildFile; fileRef = 85AEA5012383649D0041281B /* LaunchScreen.storyboard */; };
		85AEA50C238365930041281B /* CoreLocation.framework in Frameworks */ = {isa = PBXBuildFile; fileRef = 85AEA50B238365930041281B /* CoreLocation.framework */; };
		85AEA50E238365C50041281B /* MapKit.framework in Frameworks */ = {isa = PBXBuildFile; fileRef = 85AEA50D238365C50041281B /* MapKit.framework */; };
		85AEA5102383767B0041281B /* Pin.swift in Sources */ = {isa = PBXBuildFile; fileRef = 85AEA50F2383767B0041281B /* Pin.swift */; };
/* End PBXBuildFile section */

/* Begin PBXFileReference section */
		85AEA4F52383649B0041281B /* Found.app */ = {isa = PBXFileReference; explicitFileType = wrapper.application; includeInIndex = 0; path = Found.app; sourceTree = BUILT_PRODUCTS_DIR; };
		85AEA4F82383649B0041281B /* AppDelegate.swift */ = {isa = PBXFileReference; lastKnownFileType = sourcecode.swift; path = AppDelegate.swift; sourceTree = "<group>"; };
		85AEA4FA2383649B0041281B /* ViewController.swift */ = {isa = PBXFileReference; lastKnownFileType = sourcecode.swift; path = ViewController.swift; sourceTree = "<group>"; };
		85AEA4FD2383649B0041281B /* Base */ = {isa = PBXFileReference; lastKnownFileType = file.storyboard; name = Base; path = Base.lproj/Main.storyboard; sourceTree = "<group>"; };
		85AEA4FF2383649D0041281B /* Assets.xcassets */ = {isa = PBXFileReference; lastKnownFileType = folder.assetcatalog; path = Assets.xcassets; sourceTree = "<group>"; };
		85AEA5022383649D0041281B /* Base */ = {isa = PBXFileReference; lastKnownFileType = file.storyboard; name = Base; path = Base.lproj/LaunchScreen.storyboard; sourceTree = "<group>"; };
		85AEA5042383649D0041281B /* Info.plist */ = {isa = PBXFileReference; lastKnownFileType = text.plist.xml; path = Info.plist; sourceTree = "<group>"; };
		85AEA50B238365930041281B /* CoreLocation.framework */ = {isa = PBXFileReference; lastKnownFileType = wrapper.framework; name = CoreLocation.framework; path = System/Library/Frameworks/CoreLocation.framework; sourceTree = SDKROOT; };
		85AEA50D238365C50041281B /* MapKit.framework */ = {isa = PBXFileReference; lastKnownFileType = wrapper.framework; name = MapKit.framework; path = System/Library/Frameworks/MapKit.framework; sourceTree = SDKROOT; };
		85AEA50F2383767B0041281B /* Pin.swift */ = {isa = PBXFileReference; lastKnownFileType = sourcecode.swift; path = Pin.swift; sourceTree = "<group>"; };
/* End PBXFileReference section */

/* Begin PBXFrameworksBuildPhase section */
		85AEA4F22383649B0041281B /* Frameworks */ = {
			isa = PBXFrameworksBuildPhase;
			buildActionMask = 2147483647;
			files = (
				85AEA50E238365C50041281B /* MapKit.framework in Frameworks */,
				85AEA50C238365930041281B /* CoreLocation.framework in Frameworks */,
			);
			runOnlyForDeploymentPostprocessing = 0;
		};
/* End PBXFrameworksBuildPhase section */

/* Begin PBXGroup section */
		85AEA4EC2383649B0041281B = {
			isa = PBXGroup;
			children = (
				85AEA4F72383649B0041281B /* Found */,
				85AEA4F62383649B0041281B /* Products */,
				85AEA50A238365930041281B /* Frameworks */,
			);
			sourceTree = "<group>";
		};
		85AEA4F62383649B0041281B /* Products */ = {
			isa = PBXGroup;
			children = (
				85AEA4F52383649B0041281B /* Found.app */,
			);
			name = Products;
			sourceTree = "<group>";
		};
		85AEA4F72383649B0041281B /* Found */ = {
			isa = PBXGroup;
			children = (
				85AEA4F82383649B0041281B /* AppDelegate.swift */,
				85AEA4FA2383649B0041281B /* ViewController.swift */,
				85AEA4FC2383649B0041281B /* Main.storyboard */,
				85AEA4FF2383649D0041281B /* Assets.xcassets */,
				85AEA5012383649D0041281B /* LaunchScreen.storyboard */,
				85AEA5042383649D0041281B /* Info.plist */,
				85AEA50F2383767B0041281B /* Pin.swift */,
			);
			path = Found;
			sourceTree = "<group>";
		};
		85AEA50A238365930041281B /* Frameworks */ = {
			isa = PBXGroup;
			children = (
				85AEA50D238365C50041281B /* MapKit.framework */,
				85AEA50B238365930041281B /* CoreLocation.framework */,
			);
			name = Frameworks;
			sourceTree = "<group>";
		};
/* End PBXGroup section */

/* Begin PBXNativeTarget section */
		85AEA4F42383649B0041281B /* Found */ = {
			isa = PBXNativeTarget;
			buildConfigurationList = 85AEA5072383649D0041281B /* Build configuration list for PBXNativeTarget "Found" */;
			buildPhases = (
				85AEA4F12383649B0041281B /* Sources */,
				85AEA4F22383649B0041281B /* Frameworks */,
				85AEA4F32383649B0041281B /* Resources */,
			);
			buildRules = (
			);
			dependencies = (
			);
			name = Found;
			productName = Found;
			productReference = 85AEA4F52383649B0041281B /* Found.app */;
			productType = "com.apple.product-type.application";
		};
/* End PBXNativeTarget section */

/* Begin PBXProject section */
		85AEA4ED2383649B0041281B /* Project object */ = {
			isa = PBXProject;
			attributes = {
				LastSwiftUpdateCheck = 1010;
				LastUpgradeCheck = 1010;
				ORGANIZATIONNAME = Langara;
				TargetAttributes = {
					85AEA4F42383649B0041281B = {
						CreatedOnToolsVersion = 10.1;
					};
				};
			};
			buildConfigurationList = 85AEA4F02383649B0041281B /* Build configuration list for PBXProject "Found" */;
			compatibilityVersion = "Xcode 9.3";
			developmentRegion = en;
			hasScannedForEncodings = 0;
			knownRegions = (
				en,
				Base,
			);
			mainGroup = 85AEA4EC2383649B0041281B;
			productRefGroup = 85AEA4F62383649B0041281B /* Products */;
			projectDirPath = "";
			projectRoot = "";
			targets = (
				85AEA4F42383649B0041281B /* Found */,
			);
		};
/* End PBXProject section */

/* Begin PBXResourcesBuildPhase section */
		85AEA4F32383649B0041281B /* Resources */ = {
			isa = PBXResourcesBuildPhase;
			buildActionMask = 2147483647;
			files = (
				85AEA5032383649D0041281B /* LaunchScreen.storyboard in Resources */,
				85AEA5002383649D0041281B /* Assets.xcassets in Resources */,
				85AEA4FE2383649B0041281B /* Main.storyboard in Resources */,
			);
			runOnlyForDeploymentPostprocessing = 0;
		};
/* End PBXResourcesBuildPhase section */

/* Begin PBXSourcesBuildPhase section */
		85AEA4F12383649B0041281B /* Sources */ = {
			isa = PBXSourcesBuildPhase;
			buildActionMask = 2147483647;
			files = (
				85AEA5102383767B0041281B /* Pin.swift in Sources */,
				85AEA4FB2383649B0041281B /* ViewController.swift in Sources */,
				85AEA4F92383649B0041281B /* AppDelegate.swift in Sources */,
			);
			runOnlyForDeploymentPostprocessing = 0;
		};
/* End PBXSourcesBuildPhase section */

/* Begin PBXVariantGroup section */
		85AEA4FC2383649B0041281B /* Main.storyboard */ = {
			isa = PBXVariantGroup;
			children = (
				85AEA4FD2383649B0041281B /* Base */,
			);
			name = Main.storyboard;
			sourceTree = "<group>";
		};
		85AEA5012383649D0041281B /* LaunchScreen.storyboard */ = {
			isa = PBXVariantGroup;
			children = (
				85AEA5022383649D0041281B /* Base */,
			);
			name = LaunchScreen.storyboard;
			sourceTree = "<group>";
		};
/* End PBXVariantGroup section */

/* Begin XCBuildConfiguration section */
		85AEA5052383649D0041281B /* Debug */ = {
			isa = XCBuildConfiguration;
			buildSettings = {
				ALWAYS_SEARCH_USER_PATHS = NO;
				CLANG_ANALYZER_NONNULL = YES;
				CLANG_ANALYZER_NUMBER_OBJECT_CONVERSION = YES_AGGRESSIVE;
				CLANG_CXX_LANGUAGE_STANDARD = "gnu++14";
				CLANG_CXX_LIBRARY = "libc++";
				CLANG_ENABLE_MODULES = YES;
				CLANG_ENABLE_OBJC_ARC = YES;
				CLANG_ENABLE_OBJC_WEAK = YES;
				CLANG_WARN_BLOCK_CAPTURE_AUTORELEASING = YES;
				CLANG_WARN_BOOL_CONVERSION = YES;
				CLANG_WARN_COMMA = YES;
				CLANG_WARN_CONSTANT_CONVERSION = YES;
				CLANG_WARN_DEPRECATED_OBJC_IMPLEMENTATIONS = YES;
				CLANG_WARN_DIRECT_OBJC_ISA_USAGE = YES_ERROR;
				CLANG_WARN_DOCUMENTATION_COMMENTS = YES;
				CLANG_WARN_EMPTY_BODY = YES;
				CLANG_WARN_ENUM_CONVERSION = YES;
				CLANG_WARN_INFINITE_RECURSION = YES;
				CLANG_WARN_INT_CONVERSION = YES;
				CLANG_WARN_NON_LITERAL_NULL_CONVERSION = YES;
				CLANG_WARN_OBJC_IMPLICIT_RETAIN_SELF = YES;
				CLANG_WARN_OBJC_LITERAL_CONVERSION = YES;
				CLANG_WARN_OBJC_ROOT_CLASS = YES_ERROR;
				CLANG_WARN_RANGE_LOOP_ANALYSIS = YES;
				CLANG_WARN_STRICT_PROTOTYPES = YES;
				CLANG_WARN_SUSPICIOUS_MOVE = YES;
				CLANG_WARN_UNGUARDED_AVAILABILITY = YES_AGGRESSIVE;
				CLANG_WARN_UNREACHABLE_CODE = YES;
				CLANG_WARN__DUPLICATE_METHOD_MATCH = YES;
				CODE_SIGN_IDENTITY = "iPhone Developer";
				COPY_PHASE_STRIP = NO;
				DEBUG_INFORMATION_FORMAT = dwarf;
				ENABLE_STRICT_OBJC_MSGSEND = YES;
				ENABLE_TESTABILITY = YES;
				GCC_C_LANGUAGE_STANDARD = gnu11;
				GCC_DYNAMIC_NO_PIC = NO;
				GCC_NO_COMMON_BLOCKS = YES;
				GCC_OPTIMIZATION_LEVEL = 0;
				GCC_PREPROCESSOR_DEFINITIONS = (
					"DEBUG=1",
					"$(inherited)",
				);
				GCC_WARN_64_TO_32_BIT_CONVERSION = YES;
				GCC_WARN_ABOUT_RETURN_TYPE = YES_ERROR;
				GCC_WARN_UNDECLARED_SELECTOR = YES;
				GCC_WARN_UNINITIALIZED_AUTOS = YES_AGGRESSIVE;
				GCC_WARN_UNUSED_FUNCTION = YES;
				GCC_WARN_UNUSED_VARIABLE = YES;
				IPHONEOS_DEPLOYMENT_TARGET = 12.1;
				MTL_ENABLE_DEBUG_INFO = INCLUDE_SOURCE;
				MTL_FAST_MATH = YES;
				ONLY_ACTIVE_ARCH = YES;
				SDKROOT = iphoneos;
				SWIFT_ACTIVE_COMPILATION_CONDITIONS = DEBUG;
				SWIFT_OPTIMIZATION_LEVEL = "-Onone";
			};
			name = Debug;
		};
		85AEA5062383649D0041281B /* Release */ = {
			isa = XCBuildConfiguration;
			buildSettings = {
				ALWAYS_SEARCH_USER_PATHS = NO;
				CLANG_ANALYZER_NONNULL = YES;
				CLANG_ANALYZER_NUMBER_OBJECT_CONVERSION = YES_AGGRESSIVE;
				CLANG_CXX_LANGUAGE_STANDARD = "gnu++14";
				CLANG_CXX_LIBRARY = "libc++";
				CLANG_ENABLE_MODULES = YES;
				CLANG_ENABLE_OBJC_ARC = YES;
				CLANG_ENABLE_OBJC_WEAK = YES;
				CLANG_WARN_BLOCK_CAPTURE_AUTORELEASING = YES;
				CLANG_WARN_BOOL_CONVERSION = YES;
				CLANG_WARN_COMMA = YES;
				CLANG_WARN_CONSTANT_CONVERSION = YES;
				CLANG_WARN_DEPRECATED_OBJC_IMPLEMENTATIONS = YES;
				CLANG_WARN_DIRECT_OBJC_ISA_USAGE = YES_ERROR;
				CLANG_WARN_DOCUMENTATION_COMMENTS = YES;
				CLANG_WARN_EMPTY_BODY = YES;
				CLANG_WARN_ENUM_CONVERSION = YES;
				CLANG_WARN_INFINITE_RECURSION = YES;
				CLANG_WARN_INT_CONVERSION = YES;
				CLANG_WARN_NON_LITERAL_NULL_CONVERSION = YES;
				CLANG_WARN_OBJC_IMPLICIT_RETAIN_SELF = YES;
				CLANG_WARN_OBJC_LITERAL_CONVERSION = YES;
				CLANG_WARN_OBJC_ROOT_CLASS = YES_ERROR;
				CLANG_WARN_RANGE_LOOP_ANALYSIS = YES;
				CLANG_WARN_STRICT_PROTOTYPES = YES;
				CLANG_WARN_SUSPICIOUS_MOVE = YES;
				CLANG_WARN_UNGUARDED_AVAILABILITY = YES_AGGRESSIVE;
				CLANG_WARN_UNREACHABLE_CODE = YES;
				CLANG_WARN__DUPLICATE_METHOD_MATCH = YES;
				CODE_SIGN_IDENTITY = "iPhone Developer";
				COPY_PHASE_STRIP = NO;
				DEBUG_INFORMATION_FORMAT = "dwarf-with-dsym";
				ENABLE_NS_ASSERTIONS = NO;
				ENABLE_STRICT_OBJC_MSGSEND = YES;
				GCC_C_LANGUAGE_STANDARD = gnu11;
				GCC_NO_COMMON_BLOCKS = YES;
				GCC_WARN_64_TO_32_BIT_CONVERSION = YES;
				GCC_WARN_ABOUT_RETURN_TYPE = YES_ERROR;
				GCC_WARN_UNDECLARED_SELECTOR = YES;
				GCC_WARN_UNINITIALIZED_AUTOS = YES_AGGRESSIVE;
				GCC_WARN_UNUSED_FUNCTION = YES;
				GCC_WARN_UNUSED_VARIABLE = YES;
				IPHONEOS_DEPLOYMENT_TARGET = 12.1;
				MTL_ENABLE_DEBUG_INFO = NO;
				MTL_FAST_MATH = YES;
				SDKROOT = iphoneos;
				SWIFT_COMPILATION_MODE = wholemodule;
				SWIFT_OPTIMIZATION_LEVEL = "-O";
				VALIDATE_PRODUCT = YES;
			};
			name = Release;
		};
		85AEA5082383649D0041281B /* Debug */ = {
			isa = XCBuildConfiguration;
			buildSettings = {
				ASSETCATALOG_COMPILER_APPICON_NAME = AppIcon;
				CODE_SIGN_STYLE = Automatic;
				INFOPLIST_FILE = Found/Info.plist;
				LD_RUNPATH_SEARCH_PATHS = (
					"$(inherited)",
					"@executable_path/Frameworks",
				);
				PRODUCT_BUNDLE_IDENTIFIER = ca.langara.Found;
				PRODUCT_NAME = "$(TARGET_NAME)";
				SWIFT_VERSION = 4.2;
				TARGETED_DEVICE_FAMILY = "1,2";
			};
			name = Debug;
		};
		85AEA5092383649D0041281B /* Release */ = {
			isa = XCBuildConfiguration;
			buildSettings = {
				ASSETCATALOG_COMPILER_APPICON_NAME = AppIcon;
				CODE_SIGN_STYLE = Automatic;
				INFOPLIST_FILE = Found/Info.plist;
				LD_RUNPATH_SEARCH_PATHS = (
					"$(inherited)",
					"@executable_path/Frameworks",
				);
				PRODUCT_BUNDLE_IDENTIFIER = ca.langara.Found;
				PRODUCT_NAME = "$(TARGET_NAME)";
				SWIFT_VERSION = 4.2;
				TARGETED_DEVICE_FAMILY = "1,2";
			};
			name = Release;
		};
/* End XCBuildConfiguration section */

/* Begin XCConfigurationList section */
		85AEA4F02383649B0041281B /* Build configuration list for PBXProject "Found" */ = {
			isa = XCConfigurationList;
			buildConfigurations = (
				85AEA5052383649D0041281B /* Debug */,
				85AEA5062383649D0041281B /* Release */,
			);
			defaultConfigurationIsVisible = 0;
			defaultConfigurationName = Release;
		};
		85AEA5072383649D0041281B /* Build configuration list for PBXNativeTarget "Found" */ = {
			isa = XCConfigurationList;
			buildConfigurations = (
				85AEA5082383649D0041281B /* Debug */,
				85AEA5092383649D0041281B /* Release */,
			);
			defaultConfigurationIsVisible = 0;
			defaultConfigurationName = Release;
		};
/* End XCConfigurationList section */
	};
	rootObject = 85AEA4ED2383649B0041281B /* Project object */;
}
